
Microsoft Visual Studio Solution File, Format Version 12.00
# Visual Studio 15
VisualStudioVersion = 15.0.27004.2005
MinimumVisualStudioVersion = 10.0.40219.1
Project("{9A19103F-16F7-4668-BE54-9A1E7A4F7556}") = "Assessment", "Assessment\Assessment.csproj", "{8F03DB42-42A7-47FC-B918-C06FFBBA771A}"
EndProject
Project("{FAE04EC0-301F-11D3-BF4B-00C04F79EFBC}") = "AssessmentTest", "AssessmentTest\AssessmentTest.csproj", "{5407DBA9-685B-4CC1-9EA8-7E5C84C38B7A}"
EndProject
Global
	GlobalSection(SolutionConfigurationPlatforms) = preSolution
		Debug|Any CPU = Debug|Any CPU
		Release|Any CPU = Release|Any CPU
	EndGlobalSection
	GlobalSection(ProjectConfigurationPlatforms) = postSolution
		{8F03DB42-42A7-47FC-B918-C06FFBBA771A}.Debug|Any CPU.ActiveCfg = Debug|Any CPU
		{8F03DB42-42A7-47FC-B918-C06FFBBA771A}.Debug|Any CPU.Build.0 = Debug|Any CPU
		{8F03DB42-42A7-47FC-B918-C06FFBBA771A}.Release|Any CPU.ActiveCfg = Release|Any CPU
		{8F03DB42-42A7-47FC-B918-C06FFBBA771A}.Release|Any CPU.Build.0 = Release|Any CPU
		{5407DBA9-685B-4CC1-9EA8-7E5C84C38B7A}.Debug|Any CPU.ActiveCfg = Debug|Any CPU
		{5407DBA9-685B-4CC1-9EA8-7E5C84C38B7A}.Debug|Any CPU.Build.0 = Debug|Any CPU
		{5407DBA9-685B-4CC1-9EA8-7E5C84C38B7A}.Release|Any CPU.ActiveCfg = Release|Any CPU
		{5407DBA9-685B-4CC1-9EA8-7E5C84C38B7A}.Release|Any CPU.Build.0 = Release|Any CPU
	EndGlobalSection
	GlobalSection(SolutionProperties) = preSolution
		HideSolutionNode = FALSE
	EndGlobalSection
	GlobalSection(ExtensibilityGlobals) = postSolution
		SolutionGuid = {97ED4A03-0D1F-4C0B-B431-E06C33E8C240}
	EndGlobalSection
EndGlobal
